
Microsoft Visual Studio Solution File, Format Version 12.00
# Visual Studio Version 17
VisualStudioVersion = 17.11.35312.102
MinimumVisualStudioVersion = 10.0.40219.1
Project("{9A19103F-16F7-4668-BE54-9A1E7A4F7556}") = "Shopping.Client", "Shopping.Client\Shopping.Client.csproj", "{75D21E9F-AFF6-4033-AAF5-0625F3037A60}"
EndProject
Project("{9A19103F-16F7-4668-BE54-9A1E7A4F7556}") = "Shopping.API", "Shopping.API\Shopping.API.csproj", "{0BF89D88-BF84-40B3-B459-9F9994754619}"
EndProject
Project("{E53339B2-1760-4266-BCC7-CA923CBCF16C}") = "docker-compose", "docker-compose.dcproj", "{A699DFEF-F652-41C7-8E3E-40798E862BA1}"
EndProject
Global
	GlobalSection(SolutionConfigurationPlatforms) = preSolution
		Debug|Any CPU = Debug|Any CPU
		Release|Any CPU = Release|Any CPU
	EndGlobalSection
	GlobalSection(ProjectConfigurationPlatforms) = postSolution
		{75D21E9F-AFF6-4033-AAF5-0625F3037A60}.Debug|Any CPU.ActiveCfg = Debug|Any CPU
		{75D21E9F-AFF6-4033-AAF5-0625F3037A60}.Debug|Any CPU.Build.0 = Debug|Any CPU
		{75D21E9F-AFF6-4033-AAF5-0625F3037A60}.Release|Any CPU.ActiveCfg = Release|Any CPU
		{75D21E9F-AFF6-4033-AAF5-0625F3037A60}.Release|Any CPU.Build.0 = Release|Any CPU
		{0BF89D88-BF84-40B3-B459-9F9994754619}.Debug|Any CPU.ActiveCfg = Debug|Any CPU
		{0BF89D88-BF84-40B3-B459-9F9994754619}.Debug|Any CPU.Build.0 = Debug|Any CPU
		{0BF89D88-BF84-40B3-B459-9F9994754619}.Release|Any CPU.ActiveCfg = Release|Any CPU
		{0BF89D88-BF84-40B3-B459-9F9994754619}.Release|Any CPU.Build.0 = Release|Any CPU
		{A699DFEF-F652-41C7-8E3E-40798E862BA1}.Debug|Any CPU.ActiveCfg = Debug|Any CPU
		{A699DFEF-F652-41C7-8E3E-40798E862BA1}.Debug|Any CPU.Build.0 = Debug|Any CPU
		{A699DFEF-F652-41C7-8E3E-40798E862BA1}.Release|Any CPU.ActiveCfg = Release|Any CPU
		{A699DFEF-F652-41C7-8E3E-40798E862BA1}.Release|Any CPU.Build.0 = Release|Any CPU
	EndGlobalSection
	GlobalSection(SolutionProperties) = preSolution
		HideSolutionNode = FALSE
	EndGlobalSection
	GlobalSection(ExtensibilityGlobals) = postSolution
		SolutionGuid = {65494260-F623-4F90-96A3-2DB115A70842}
	EndGlobalSection
EndGlobal
